
Microsoft Visual Studio Solution File, Format Version 12.00
# Visual Studio Version 16
VisualStudioVersion = 16.0.32510.428
MinimumVisualStudioVersion = 10.0.40219.1
Project("{FAE04EC0-301F-11D3-BF4B-00C04F79EFBC}") = "Input", "Input\Input.csproj", "{4709401E-1FBA-42E6-9600-14DC7E256864}"
EndProject
Global
	GlobalSection(SolutionConfigurationPlatforms) = preSolution
		Debug|Any CPU = Debug|Any CPU
		Release|Any CPU = Release|Any CPU
	EndGlobalSection
	GlobalSection(ProjectConfigurationPlatforms) = postSolution
		{4709401E-1FBA-42E6-9600-14DC7E256864}.Debug|Any CPU.ActiveCfg = Debug|Any CPU
		{4709401E-1FBA-42E6-9600-14DC7E256864}.Debug|Any CPU.Build.0 = Debug|Any CPU
		{4709401E-1FBA-42E6-9600-14DC7E256864}.Release|Any CPU.ActiveCfg = Release|Any CPU
		{4709401E-1FBA-42E6-9600-14DC7E256864}.Release|Any CPU.Build.0 = Release|Any CPU
	EndGlobalSection
	GlobalSection(SolutionProperties) = preSolution
		HideSolutionNode = FALSE
	EndGlobalSection
	GlobalSection(ExtensibilityGlobals) = postSolution
		SolutionGuid = {64F3F077-167F-437A-A0CF-48113D781D66}
	EndGlobalSection
EndGlobal
