
Microsoft Visual Studio Solution File, Format Version 12.00
# Visual Studio Version 16
VisualStudioVersion = 16.0.32510.428
MinimumVisualStudioVersion = 10.0.40219.1
Project("{FAE04EC0-301F-11D3-BF4B-00C04F79EFBC}") = "Lambda", "Lambda\Lambda.csproj", "{7342A8E9-2377-4950-A328-7820BB0FF213}"
EndProject
Global
	GlobalSection(SolutionConfigurationPlatforms) = preSolution
		Debug|Any CPU = Debug|Any CPU
		Release|Any CPU = Release|Any CPU
	EndGlobalSection
	GlobalSection(ProjectConfigurationPlatforms) = postSolution
		{7342A8E9-2377-4950-A328-7820BB0FF213}.Debug|Any CPU.ActiveCfg = Debug|Any CPU
		{7342A8E9-2377-4950-A328-7820BB0FF213}.Debug|Any CPU.Build.0 = Debug|Any CPU
		{7342A8E9-2377-4950-A328-7820BB0FF213}.Release|Any CPU.ActiveCfg = Release|Any CPU
		{7342A8E9-2377-4950-A328-7820BB0FF213}.Release|Any CPU.Build.0 = Release|Any CPU
	EndGlobalSection
	GlobalSection(SolutionProperties) = preSolution
		HideSolutionNode = FALSE
	EndGlobalSection
	GlobalSection(ExtensibilityGlobals) = postSolution
		SolutionGuid = {1404700D-243F-4148-8C82-8D177CD16E0E}
	EndGlobalSection
EndGlobal
