
Microsoft Visual Studio Solution File, Format Version 12.00
# Visual Studio Version 16
VisualStudioVersion = 16.0.32630.194
MinimumVisualStudioVersion = 10.0.40219.1
Project("{FAE04EC0-301F-11D3-BF4B-00C04F79EFBC}") = "Code_First", "Code_First\Code_First.csproj", "{01A0DD38-7302-4261-9782-E6DD3835C5BD}"
EndProject
Global
	GlobalSection(SolutionConfigurationPlatforms) = preSolution
		Debug|Any CPU = Debug|Any CPU
		Release|Any CPU = Release|Any CPU
	EndGlobalSection
	GlobalSection(ProjectConfigurationPlatforms) = postSolution
		{01A0DD38-7302-4261-9782-E6DD3835C5BD}.Debug|Any CPU.ActiveCfg = Debug|Any CPU
		{01A0DD38-7302-4261-9782-E6DD3835C5BD}.Debug|Any CPU.Build.0 = Debug|Any CPU
		{01A0DD38-7302-4261-9782-E6DD3835C5BD}.Release|Any CPU.ActiveCfg = Release|Any CPU
		{01A0DD38-7302-4261-9782-E6DD3835C5BD}.Release|Any CPU.Build.0 = Release|Any CPU
	EndGlobalSection
	GlobalSection(SolutionProperties) = preSolution
		HideSolutionNode = FALSE
	EndGlobalSection
	GlobalSection(ExtensibilityGlobals) = postSolution
		SolutionGuid = {24856E1E-7DE1-47C7-8645-6172BE7C5F01}
	EndGlobalSection
EndGlobal
