
Microsoft Visual Studio Solution File, Format Version 12.00
# Visual Studio Version 16
VisualStudioVersion = 16.0.32510.428
MinimumVisualStudioVersion = 10.0.40219.1
Project("{FAE04EC0-301F-11D3-BF4B-00C04F79EFBC}") = "Operators", "Operators\Operators.csproj", "{3F0DD32D-A7F2-4D02-B2B0-93AB680C59F4}"
EndProject
Project("{2150E333-8FDC-42A3-9474-1A3956D46DE8}") = "Solution Items", "Solution Items", "{1222E4DF-900B-42F4-9B6F-2E8B405841C4}"
	ProjectSection(SolutionItems) = preProject
		.editorconfig = .editorconfig
	EndProjectSection
EndProject
Global
	GlobalSection(SolutionConfigurationPlatforms) = preSolution
		Debug|Any CPU = Debug|Any CPU
		Release|Any CPU = Release|Any CPU
	EndGlobalSection
	GlobalSection(ProjectConfigurationPlatforms) = postSolution
		{3F0DD32D-A7F2-4D02-B2B0-93AB680C59F4}.Debug|Any CPU.ActiveCfg = Debug|Any CPU
		{3F0DD32D-A7F2-4D02-B2B0-93AB680C59F4}.Debug|Any CPU.Build.0 = Debug|Any CPU
		{3F0DD32D-A7F2-4D02-B2B0-93AB680C59F4}.Release|Any CPU.ActiveCfg = Release|Any CPU
		{3F0DD32D-A7F2-4D02-B2B0-93AB680C59F4}.Release|Any CPU.Build.0 = Release|Any CPU
	EndGlobalSection
	GlobalSection(SolutionProperties) = preSolution
		HideSolutionNode = FALSE
	EndGlobalSection
	GlobalSection(ExtensibilityGlobals) = postSolution
		SolutionGuid = {9653BE7D-79CD-4A0A-AE0E-F8FE53415696}
	EndGlobalSection
EndGlobal
